
Microsoft Visual Studio Solution File, Format Version 12.00
# Visual Studio Version 17
VisualStudioVersion = 17.10.34607.79
MinimumVisualStudioVersion = 10.0.40219.1
Project("{2150E333-8FDC-42A3-9474-1A3956D46DE8}") = "src", "src", "{C738A752-84CC-4456-BD72-B31A8BBCA7C2}"
EndProject
Project("{2150E333-8FDC-42A3-9474-1A3956D46DE8}") = "Hosting", "Hosting", "{24FF3913-6CAD-45A7-8BB3-75E1B801C7C7}"
EndProject
Project("{2150E333-8FDC-42A3-9474-1A3956D46DE8}") = "tests", "tests", "{08130BE3-C4E0-4299-ADCD-211F87E51AB1}"
EndProject
Project("{2150E333-8FDC-42A3-9474-1A3956D46DE8}") = "Microservices", "Microservices", "{074D3F96-0865-438D-9379-D836D9C5A13D}"
EndProject
Project("{9A19103F-16F7-4668-BE54-9A1E7A4F7556}") = "eShop.Domain", "eShop.Domain\eShop.Domain.csproj", "{D3B29859-B464-435F-8F59-B30E91D0104C}"
EndProject
Project("{9A19103F-16F7-4668-BE54-9A1E7A4F7556}") = "eShop.Application", "eShop.Application\eShop.Application.csproj", "{4906C186-914E-4639-AB52-FB98B3B16729}"
EndProject
Project("{9A19103F-16F7-4668-BE54-9A1E7A4F7556}") = "eShop.Infrastructure", "eShop.Infrastucture\eShop.Infrastructure.csproj", "{EE98FE03-5928-4E87-A072-ADD40873AC9E}"
EndProject
Project("{9A19103F-16F7-4668-BE54-9A1E7A4F7556}") = "eShop.AppHost", "eShop\eShop\eShop.AppHost\eShop.AppHost.csproj", "{A4DA6270-2E86-4D14-A8D9-0E2E3283807E}"
EndProject
Project("{9A19103F-16F7-4668-BE54-9A1E7A4F7556}") = "eShop.ServiceDefaults", "eShop\eShop\eShop.ServiceDefaults\eShop.ServiceDefaults.csproj", "{A099A8C6-A1D6-4BEB-8597-2F775BAE70D9}"
EndProject
Project("{9A19103F-16F7-4668-BE54-9A1E7A4F7556}") = "eShop.AuthWebApi", "eShop.AuthWebApi\eShop.AuthWebApi.csproj", "{A319947C-3A10-40C3-89F3-A9C2A9778A15}"
EndProject
Project("{2150E333-8FDC-42A3-9474-1A3956D46DE8}") = "Main", "Main", "{B613A38A-075A-4881-905E-BB3BBBF2E7BD}"
EndProject
Project("{2150E333-8FDC-42A3-9474-1A3956D46DE8}") = "UI", "UI", "{F98374CC-05C3-4332-9C94-8340FA0F30AE}"
EndProject
Project("{9A19103F-16F7-4668-BE54-9A1E7A4F7556}") = "eShop.BlazorWebUI", "eShop.BlazorWebUI\eShop.BlazorWebUI.csproj", "{5B1B4D1B-55A3-481D-90AE-626F42801DD5}"
EndProject
Project("{9A19103F-16F7-4668-BE54-9A1E7A4F7556}") = "eShop.ProductWebApi", "eShop.ProductWebApi\eShop.ProductWebApi.csproj", "{628C7868-F50E-4BF1-893B-62F87114E29F}"
EndProject
Project("{9A19103F-16F7-4668-BE54-9A1E7A4F7556}") = "eShop.EmailSenderWebApi", "eShop.EmailSenderWebApi\eShop.EmailSenderWebApi.csproj", "{6EDB4ABB-AAF5-4BE5-A535-D9FF5FB3B83E}"
EndProject
Global
	GlobalSection(SolutionConfigurationPlatforms) = preSolution
		Debug|Any CPU = Debug|Any CPU
		Release|Any CPU = Release|Any CPU
	EndGlobalSection
	GlobalSection(ProjectConfigurationPlatforms) = postSolution
		{D3B29859-B464-435F-8F59-B30E91D0104C}.Debug|Any CPU.ActiveCfg = Debug|Any CPU
		{D3B29859-B464-435F-8F59-B30E91D0104C}.Debug|Any CPU.Build.0 = Debug|Any CPU
		{D3B29859-B464-435F-8F59-B30E91D0104C}.Release|Any CPU.ActiveCfg = Release|Any CPU
		{D3B29859-B464-435F-8F59-B30E91D0104C}.Release|Any CPU.Build.0 = Release|Any CPU
		{4906C186-914E-4639-AB52-FB98B3B16729}.Debug|Any CPU.ActiveCfg = Debug|Any CPU
		{4906C186-914E-4639-AB52-FB98B3B16729}.Debug|Any CPU.Build.0 = Debug|Any CPU
		{4906C186-914E-4639-AB52-FB98B3B16729}.Release|Any CPU.ActiveCfg = Release|Any CPU
		{4906C186-914E-4639-AB52-FB98B3B16729}.Release|Any CPU.Build.0 = Release|Any CPU
		{EE98FE03-5928-4E87-A072-ADD40873AC9E}.Debug|Any CPU.ActiveCfg = Debug|Any CPU
		{EE98FE03-5928-4E87-A072-ADD40873AC9E}.Debug|Any CPU.Build.0 = Debug|Any CPU
		{EE98FE03-5928-4E87-A072-ADD40873AC9E}.Release|Any CPU.ActiveCfg = Release|Any CPU
		{EE98FE03-5928-4E87-A072-ADD40873AC9E}.Release|Any CPU.Build.0 = Release|Any CPU
		{A4DA6270-2E86-4D14-A8D9-0E2E3283807E}.Debug|Any CPU.ActiveCfg = Debug|Any CPU
		{A4DA6270-2E86-4D14-A8D9-0E2E3283807E}.Debug|Any CPU.Build.0 = Debug|Any CPU
		{A4DA6270-2E86-4D14-A8D9-0E2E3283807E}.Release|Any CPU.ActiveCfg = Release|Any CPU
		{A4DA6270-2E86-4D14-A8D9-0E2E3283807E}.Release|Any CPU.Build.0 = Release|Any CPU
		{A099A8C6-A1D6-4BEB-8597-2F775BAE70D9}.Debug|Any CPU.ActiveCfg = Debug|Any CPU
		{A099A8C6-A1D6-4BEB-8597-2F775BAE70D9}.Debug|Any CPU.Build.0 = Debug|Any CPU
		{A099A8C6-A1D6-4BEB-8597-2F775BAE70D9}.Release|Any CPU.ActiveCfg = Release|Any CPU
		{A099A8C6-A1D6-4BEB-8597-2F775BAE70D9}.Release|Any CPU.Build.0 = Release|Any CPU
		{A319947C-3A10-40C3-89F3-A9C2A9778A15}.Debug|Any CPU.ActiveCfg = Debug|Any CPU
		{A319947C-3A10-40C3-89F3-A9C2A9778A15}.Debug|Any CPU.Build.0 = Debug|Any CPU
		{A319947C-3A10-40C3-89F3-A9C2A9778A15}.Release|Any CPU.ActiveCfg = Release|Any CPU
		{A319947C-3A10-40C3-89F3-A9C2A9778A15}.Release|Any CPU.Build.0 = Release|Any CPU
		{5B1B4D1B-55A3-481D-90AE-626F42801DD5}.Debug|Any CPU.ActiveCfg = Debug|Any CPU
		{5B1B4D1B-55A3-481D-90AE-626F42801DD5}.Debug|Any CPU.Build.0 = Debug|Any CPU
		{5B1B4D1B-55A3-481D-90AE-626F42801DD5}.Release|Any CPU.ActiveCfg = Release|Any CPU
		{5B1B4D1B-55A3-481D-90AE-626F42801DD5}.Release|Any CPU.Build.0 = Release|Any CPU
		{628C7868-F50E-4BF1-893B-62F87114E29F}.Debug|Any CPU.ActiveCfg = Debug|Any CPU
		{628C7868-F50E-4BF1-893B-62F87114E29F}.Debug|Any CPU.Build.0 = Debug|Any CPU
		{628C7868-F50E-4BF1-893B-62F87114E29F}.Release|Any CPU.ActiveCfg = Release|Any CPU
		{628C7868-F50E-4BF1-893B-62F87114E29F}.Release|Any CPU.Build.0 = Release|Any CPU
		{6EDB4ABB-AAF5-4BE5-A535-D9FF5FB3B83E}.Debug|Any CPU.ActiveCfg = Debug|Any CPU
		{6EDB4ABB-AAF5-4BE5-A535-D9FF5FB3B83E}.Debug|Any CPU.Build.0 = Debug|Any CPU
		{6EDB4ABB-AAF5-4BE5-A535-D9FF5FB3B83E}.Release|Any CPU.ActiveCfg = Release|Any CPU
		{6EDB4ABB-AAF5-4BE5-A535-D9FF5FB3B83E}.Release|Any CPU.Build.0 = Release|Any CPU
	EndGlobalSection
	GlobalSection(SolutionProperties) = preSolution
		HideSolutionNode = FALSE
	EndGlobalSection
	GlobalSection(NestedProjects) = preSolution
		{24FF3913-6CAD-45A7-8BB3-75E1B801C7C7} = {C738A752-84CC-4456-BD72-B31A8BBCA7C2}
		{074D3F96-0865-438D-9379-D836D9C5A13D} = {C738A752-84CC-4456-BD72-B31A8BBCA7C2}
		{D3B29859-B464-435F-8F59-B30E91D0104C} = {B613A38A-075A-4881-905E-BB3BBBF2E7BD}
		{4906C186-914E-4639-AB52-FB98B3B16729} = {B613A38A-075A-4881-905E-BB3BBBF2E7BD}
		{EE98FE03-5928-4E87-A072-ADD40873AC9E} = {B613A38A-075A-4881-905E-BB3BBBF2E7BD}
		{A4DA6270-2E86-4D14-A8D9-0E2E3283807E} = {24FF3913-6CAD-45A7-8BB3-75E1B801C7C7}
		{A099A8C6-A1D6-4BEB-8597-2F775BAE70D9} = {24FF3913-6CAD-45A7-8BB3-75E1B801C7C7}
		{A319947C-3A10-40C3-89F3-A9C2A9778A15} = {074D3F96-0865-438D-9379-D836D9C5A13D}
		{B613A38A-075A-4881-905E-BB3BBBF2E7BD} = {C738A752-84CC-4456-BD72-B31A8BBCA7C2}
		{F98374CC-05C3-4332-9C94-8340FA0F30AE} = {C738A752-84CC-4456-BD72-B31A8BBCA7C2}
		{5B1B4D1B-55A3-481D-90AE-626F42801DD5} = {F98374CC-05C3-4332-9C94-8340FA0F30AE}
		{628C7868-F50E-4BF1-893B-62F87114E29F} = {074D3F96-0865-438D-9379-D836D9C5A13D}
		{6EDB4ABB-AAF5-4BE5-A535-D9FF5FB3B83E} = {074D3F96-0865-438D-9379-D836D9C5A13D}
	EndGlobalSection
	GlobalSection(ExtensibilityGlobals) = postSolution
		SolutionGuid = {EFA1E0D7-C795-49E5-BC36-F86C4991E09D}
	EndGlobalSection
EndGlobal
